<?xml version="1.0" encoding="utf-8"?>
<Project ToolsVersion="4.0" xmlns="http://schemas.microsoft.com/developer/msbuild/2003">
  <ItemGroup>
    <Filter Include="Source Files">
      <UniqueIdentifier>{1b678bf1-71e3-4d18-b0f5-697207ae9920}</UniqueIdentifier>
      <Extensions>cpp;c;cxx;rc;def;r;odl;idl;hpj;bat</Extensions>
    </Filter>
    <Filter Include="Header Files">
      <UniqueIdentifier>{0a1dd064-3292-4457-9cc8-54e15dcc9262}</UniqueIdentifier>
      <Extensions>h;hpp;hxx;hm;inl</Extensions>
    </Filter>
    <Filter Include="Resource Files">
      <UniqueIdentifier>{0f8cbb04-7c62-4551-93d8-6a2a69fa4b0f}</UniqueIdentifier>
      <Extensions>ico;cur;bmp;dlg;rc2;rct;bin;rgs;gif;jpg;jpeg;jpe</Extensions>
    </Filter>
  </ItemGroup>
  <ItemGroup>
    <ClCompile Include="ComboHistory.cpp">
      <Filter>Source Files</Filter>
    </ClCompile>
    <ClCompile Include="DirTreeCtrl.cpp">
      <Filter>Source Files</Filter>
    </ClCompile>
    <ClCompile Include="DirTreeView.cpp">
      <Filter>Source Files</Filter>
    </ClCompile>
    <ClCompile Include="DiskInfo.cpp">
      <Filter>Source Files</Filter>
    </ClCompile>
    <ClCompile Include="DiskInfoDoc.cpp">
      <Filter>Source Files</Filter>
    </ClCompile>
    <ClCompile Include="DiskInfoView.cpp">
      <Filter>Source Files</Filter>
    </ClCompile>
    <ClCompile Include="EnumDir.cpp">
      <Filter>Source Files</Filter>
    </ClCompile>
    <ClCompile Include="FlatHeaderCtrl.cpp">
      <Filter>Source Files</Filter>
    </ClCompile>
    <ClCompile Include="FreeDiskSpaceBar.cpp">
      <Filter>Source Files</Filter>
    </ClCompile>
    <ClCompile Include="global.cpp">
      <Filter>Source Files</Filter>
    </ClCompile>
    <ClCompile Include="HyperLink.cpp">
      <Filter>Source Files</Filter>
    </ClCompile>
    <ClCompile Include="MainFrm.cpp">
      <Filter>Source Files</Filter>
    </ClCompile>
    <ClCompile Include="PathEntryBar.cpp">
      <Filter>Source Files</Filter>
    </ClCompile>
    <ClCompile Include="ReportCtrl.cpp">
      <Filter>Source Files</Filter>
    </ClCompile>
    <ClCompile Include="SCBanner.cpp">
      <Filter>Source Files</Filter>
    </ClCompile>
    <ClCompile Include="Settings.cpp">
      <Filter>Source Files</Filter>
    </ClCompile>
    <ClCompile Include="StdAfx.cpp">
      <Filter>Source Files</Filter>
    </ClCompile>
  </ItemGroup>
  <ItemGroup>
    <ResourceCompile Include="DiskInfo.rc">
      <Filter>Source Files</Filter>
    </ResourceCompile>
  </ItemGroup>
  <ItemGroup>
    <ClInclude Include="ComboHistory.h">
      <Filter>Header Files</Filter>
    </ClInclude>
    <ClInclude Include="DirTreeCtrl.h">
      <Filter>Header Files</Filter>
    </ClInclude>
    <ClInclude Include="DirTreeView.h">
      <Filter>Header Files</Filter>
    </ClInclude>
    <ClInclude Include="DiskInfo.h">
      <Filter>Header Files</Filter>
    </ClInclude>
    <ClInclude Include="DiskInfoDoc.h">
      <Filter>Header Files</Filter>
    </ClInclude>
    <ClInclude Include="DiskInfoView.h">
      <Filter>Header Files</Filter>
    </ClInclude>
    <ClInclude Include="EdirInfo.h">
      <Filter>Header Files</Filter>
    </ClInclude>
    <ClInclude Include="EnumDir.h">
      <Filter>Header Files</Filter>
    </ClInclude>
    <ClInclude Include="FlatHeaderCtrl.h">
      <Filter>Header Files</Filter>
    </ClInclude>
    <ClInclude Include="FreeDiskSpaceBar.h">
      <Filter>Header Files</Filter>
    </ClInclude>
    <ClInclude Include="global.h">
      <Filter>Header Files</Filter>
    </ClInclude>
    <ClInclude Include="HyperLink.h">
      <Filter>Header Files</Filter>
    </ClInclude>
    <ClInclude Include="MainFrm.h">
      <Filter>Header Files</Filter>
    </ClInclude>
    <ClInclude Include="PathEntryBar.h">
      <Filter>Header Files</Filter>
    </ClInclude>
    <ClInclude Include="ReportCtrl.h">
      <Filter>Header Files</Filter>
    </ClInclude>
    <ClInclude Include="Resource.h">
      <Filter>Header Files</Filter>
    </ClInclude>
    <ClInclude Include="SCBanner.h">
      <Filter>Header Files</Filter>
    </ClInclude>
    <ClInclude Include="Settings.h">
      <Filter>Header Files</Filter>
    </ClInclude>
    <ClInclude Include="StdAfx.h">
      <Filter>Header Files</Filter>
    </ClInclude>
  </ItemGroup>
  <ItemGroup>
    <Image Include="res\b.bmp">
      <Filter>Resource Files</Filter>
    </Image>
    <Image Include="res\DiskInfo.ico">
      <Filter>Resource Files</Filter>
    </Image>
    <Image Include="res\DiskInfoDoc.ico">
      <Filter>Resource Files</Filter>
    </Image>
    <Image Include="res\go.bmp">
      <Filter>Resource Files</Filter>
    </Image>
    <Image Include="res\godsbld.bmp">
      <Filter>Resource Files</Filter>
    </Image>
    <Image Include="res\icon1.ico">
      <Filter>Resource Files</Filter>
    </Image>
    <Image Include="res\logosc.bmp">
      <Filter>Resource Files</Filter>
    </Image>
    <Image Include="res\logoscsmall.bmp">
      <Filter>Resource Files</Filter>
    </Image>
    <Image Include="res\scbanner.bmp">
      <Filter>Resource Files</Filter>
    </Image>
    <Image Include="res\scbanner2.bmp">
      <Filter>Resource Files</Filter>
    </Image>
    <Image Include="res\sclogo.bmp">
      <Filter>Resource Files</Filter>
    </Image>
    <Image Include="res\STOP-UNINSTALL.ico">
      <Filter>Resource Files</Filter>
    </Image>
    <Image Include="res\Toolbar.bmp">
      <Filter>Resource Files</Filter>
    </Image>
  </ItemGroup>
  <ItemGroup>
    <Text Include="ReadMe.txt" />
  </ItemGroup>
  <ItemGroup>
    <CustomBuild Include="res\DiskInfo.rc2">
      <Filter>Resource Files</Filter>
    </CustomBuild>
  </ItemGroup>
</Project>